// !$*UTF8*$!
{
	archiveVersion = 1;
	classes = {
	};
	objectVersion = 55;
	objects = {

/* Begin PBXBuildFile section */
		55246A3D2881D88F00BDD29C /* LoginRoute.swift in Sources */ = {isa = PBXBuildFile; fileRef = 55246A3C2881D88F00BDD29C /* LoginRoute.swift */; };
		55246A412881DC3100BDD29C /* SingUpScreen.swift in Sources */ = {isa = PBXBuildFile; fileRef = 55246A402881DC3100BDD29C /* SingUpScreen.swift */; };
		55BDD498288085660004E8A0 /* SwiftUIHexagonalArchitectureApp.swift in Sources */ = {isa = PBXBuildFile; fileRef = 55BDD497288085660004E8A0 /* SwiftUIHexagonalArchitectureApp.swift */; };
		55BDD49C288085680004E8A0 /* Assets.xcassets in Resources */ = {isa = PBXBuildFile; fileRef = 55BDD49B288085680004E8A0 /* Assets.xcassets */; };
		55BDD49F288085680004E8A0 /* Preview Assets.xcassets in Resources */ = {isa = PBXBuildFile; fileRef = 55BDD49E288085680004E8A0 /* Preview Assets.xcassets */; };
		55BDD4AA2880882A0004E8A0 /* NetworkImage.swift in Sources */ = {isa = PBXBuildFile; fileRef = 55BDD4A92880882A0004E8A0 /* NetworkImage.swift */; };
		55BDD4AC2880884E0004E8A0 /* User.swift in Sources */ = {isa = PBXBuildFile; fileRef = 55BDD4AB2880884E0004E8A0 /* User.swift */; };
		55BDD4B3288089D00004E8A0 /* IAuthRepository.swift in Sources */ = {isa = PBXBuildFile; fileRef = 55BDD4B2288089D00004E8A0 /* IAuthRepository.swift */; };
		55BDD4B828808A9D0004E8A0 /* LoginService.swift in Sources */ = {isa = PBXBuildFile; fileRef = 55BDD4B728808A9D0004E8A0 /* LoginService.swift */; };
		55BDD4BA28808B100004E8A0 /* ApplicationError.swift in Sources */ = {isa = PBXBuildFile; fileRef = 55BDD4B928808B100004E8A0 /* ApplicationError.swift */; };
		55BDD4C028808B650004E8A0 /* Alamofire in Frameworks */ = {isa = PBXBuildFile; productRef = 55BDD4BF28808B650004E8A0 /* Alamofire */; };
		55BDD4C328808B7A0004E8A0 /* Swinject in Frameworks */ = {isa = PBXBuildFile; productRef = 55BDD4C228808B7A0004E8A0 /* Swinject */; };
		55BDD4C728808BFF0004E8A0 /* AuthMockRepository.swift in Sources */ = {isa = PBXBuildFile; fileRef = 55BDD4C628808BFF0004E8A0 /* AuthMockRepository.swift */; };
		55BDD4CA28808C5F0004E8A0 /* NetworkConfiguration.swift in Sources */ = {isa = PBXBuildFile; fileRef = 55BDD4C928808C5F0004E8A0 /* NetworkConfiguration.swift */; };
		55BDD4CC28808CAD0004E8A0 /* LoginNetworkModel.swift in Sources */ = {isa = PBXBuildFile; fileRef = 55BDD4CB28808CAD0004E8A0 /* LoginNetworkModel.swift */; };
		55BDD4CE28808CCB0004E8A0 /* UserNetworkModel.swift in Sources */ = {isa = PBXBuildFile; fileRef = 55BDD4CD28808CCB0004E8A0 /* UserNetworkModel.swift */; };
		55BDD4D028808CE90004E8A0 /* ImageNetworkModel.swift in Sources */ = {isa = PBXBuildFile; fileRef = 55BDD4CF28808CE90004E8A0 /* ImageNetworkModel.swift */; };
		55BDD4D428808D8A0004E8A0 /* AuthNetworkRepository.swift in Sources */ = {isa = PBXBuildFile; fileRef = 55BDD4D328808D8A0004E8A0 /* AuthNetworkRepository.swift */; };
		55BDD4D628808EB90004E8A0 /* Application.swift in Sources */ = {isa = PBXBuildFile; fileRef = 55BDD4D528808EB90004E8A0 /* Application.swift */; };
		55BDD4DC288093CD0004E8A0 /* CustomTextField.swift in Sources */ = {isa = PBXBuildFile; fileRef = 55BDD4DB288093CD0004E8A0 /* CustomTextField.swift */; };
		55BDD4DE2880940C0004E8A0 /* CustomButtonView.swift in Sources */ = {isa = PBXBuildFile; fileRef = 55BDD4DD2880940C0004E8A0 /* CustomButtonView.swift */; };
		55BDD4E0288095A90004E8A0 /* LoginScreen.swift in Sources */ = {isa = PBXBuildFile; fileRef = 55BDD4DF288095A90004E8A0 /* LoginScreen.swift */; };
		55BDD4E22880A3060004E8A0 /* LoginDomainModel.swift in Sources */ = {isa = PBXBuildFile; fileRef = 55BDD4E12880A3060004E8A0 /* LoginDomainModel.swift */; };
		55CAADDD2885ABC800F0E563 /* HomeScreen.swift in Sources */ = {isa = PBXBuildFile; fileRef = 55CAADDC2885ABC800F0E563 /* HomeScreen.swift */; };
/* End PBXBuildFile section */

/* Begin PBXFileReference section */
		55246A3C2881D88F00BDD29C /* LoginRoute.swift */ = {isa = PBXFileReference; lastKnownFileType = sourcecode.swift; path = LoginRoute.swift; sourceTree = "<group>"; };
		55246A402881DC3100BDD29C /* SingUpScreen.swift */ = {isa = PBXFileReference; lastKnownFileType = sourcecode.swift; path = SingUpScreen.swift; sourceTree = "<group>"; };
		55BDD494288085660004E8A0 /* SwiftUIHexagonalArchitecture.app */ = {isa = PBXFileReference; explicitFileType = wrapper.application; includeInIndex = 0; path = SwiftUIHexagonalArchitecture.app; sourceTree = BUILT_PRODUCTS_DIR; };
		55BDD497288085660004E8A0 /* SwiftUIHexagonalArchitectureApp.swift */ = {isa = PBXFileReference; lastKnownFileType = sourcecode.swift; path = SwiftUIHexagonalArchitectureApp.swift; sourceTree = "<group>"; };
		55BDD49B288085680004E8A0 /* Assets.xcassets */ = {isa = PBXFileReference; lastKnownFileType = folder.assetcatalog; path = Assets.xcassets; sourceTree = "<group>"; };
		55BDD49E288085680004E8A0 /* Preview Assets.xcassets */ = {isa = PBXFileReference; lastKnownFileType = folder.assetcatalog; path = "Preview Assets.xcassets"; sourceTree = "<group>"; };
		55BDD4A92880882A0004E8A0 /* NetworkImage.swift */ = {isa = PBXFileReference; lastKnownFileType = sourcecode.swift; path = NetworkImage.swift; sourceTree = "<group>"; };
		55BDD4AB2880884E0004E8A0 /* User.swift */ = {isa = PBXFileReference; lastKnownFileType = sourcecode.swift; path = User.swift; sourceTree = "<group>"; };
		55BDD4B2288089D00004E8A0 /* IAuthRepository.swift */ = {isa = PBXFileReference; lastKnownFileType = sourcecode.swift; path = IAuthRepository.swift; sourceTree = "<group>"; };
		55BDD4B728808A9D0004E8A0 /* LoginService.swift */ = {isa = PBXFileReference; lastKnownFileType = sourcecode.swift; path = LoginService.swift; sourceTree = "<group>"; };
		55BDD4B928808B100004E8A0 /* ApplicationError.swift */ = {isa = PBXFileReference; lastKnownFileType = sourcecode.swift; path = ApplicationError.swift; sourceTree = "<group>"; };
		55BDD4C628808BFF0004E8A0 /* AuthMockRepository.swift */ = {isa = PBXFileReference; lastKnownFileType = sourcecode.swift; path = AuthMockRepository.swift; sourceTree = "<group>"; };
		55BDD4C928808C5F0004E8A0 /* NetworkConfiguration.swift */ = {isa = PBXFileReference; lastKnownFileType = sourcecode.swift; path = NetworkConfiguration.swift; sourceTree = "<group>"; };
		55BDD4CB28808CAD0004E8A0 /* LoginNetworkModel.swift */ = {isa = PBXFileReference; lastKnownFileType = sourcecode.swift; path = LoginNetworkModel.swift; sourceTree = "<group>"; };
		55BDD4CD28808CCB0004E8A0 /* UserNetworkModel.swift */ = {isa = PBXFileReference; lastKnownFileType = sourcecode.swift; path = UserNetworkModel.swift; sourceTree = "<group>"; };
		55BDD4CF28808CE90004E8A0 /* ImageNetworkModel.swift */ = {isa = PBXFileReference; lastKnownFileType = sourcecode.swift; path = ImageNetworkModel.swift; sourceTree = "<group>"; };
		55BDD4D328808D8A0004E8A0 /* AuthNetworkRepository.swift */ = {isa = PBXFileReference; lastKnownFileType = sourcecode.swift; path = AuthNetworkRepository.swift; sourceTree = "<group>"; };
		55BDD4D528808EB90004E8A0 /* Application.swift */ = {isa = PBXFileReference; lastKnownFileType = sourcecode.swift; path = Application.swift; sourceTree = "<group>"; };
		55BDD4DB288093CD0004E8A0 /* CustomTextField.swift */ = {isa = PBXFileReference; lastKnownFileType = sourcecode.swift; path = CustomTextField.swift; sourceTree = "<group>"; };
		55BDD4DD2880940C0004E8A0 /* CustomButtonView.swift */ = {isa = PBXFileReference; lastKnownFileType = sourcecode.swift; path = CustomButtonView.swift; sourceTree = "<group>"; };
		55BDD4DF288095A90004E8A0 /* LoginScreen.swift */ = {isa = PBXFileReference; lastKnownFileType = sourcecode.swift; path = LoginScreen.swift; sourceTree = "<group>"; };
		55BDD4E12880A3060004E8A0 /* LoginDomainModel.swift */ = {isa = PBXFileReference; lastKnownFileType = sourcecode.swift; path = LoginDomainModel.swift; sourceTree = "<group>"; };
		55CAADDC2885ABC800F0E563 /* HomeScreen.swift */ = {isa = PBXFileReference; lastKnownFileType = sourcecode.swift; path = HomeScreen.swift; sourceTree = "<group>"; };
/* End PBXFileReference section */

/* Begin PBXFrameworksBuildPhase section */
		55BDD491288085660004E8A0 /* Frameworks */ = {
			isa = PBXFrameworksBuildPhase;
			buildActionMask = 2147483647;
			files = (
				55BDD4C028808B650004E8A0 /* Alamofire in Frameworks */,
				55BDD4C328808B7A0004E8A0 /* Swinject in Frameworks */,
			);
			runOnlyForDeploymentPostprocessing = 0;
		};
/* End PBXFrameworksBuildPhase section */

/* Begin PBXGroup section */
		55246A3B2881D4E900BDD29C /* Navigation */ = {
			isa = PBXGroup;
			children = (
				55246A3C2881D88F00BDD29C /* LoginRoute.swift */,
			);
			path = Navigation;
			sourceTree = "<group>";
		};
		55BDD48B288085660004E8A0 = {
			isa = PBXGroup;
			children = (
				55BDD496288085660004E8A0 /* SwiftUIHexagonalArchitecture */,
				55BDD495288085660004E8A0 /* Products */,
			);
			sourceTree = "<group>";
		};
		55BDD495288085660004E8A0 /* Products */ = {
			isa = PBXGroup;
			children = (
				55BDD494288085660004E8A0 /* SwiftUIHexagonalArchitecture.app */,
			);
			name = Products;
			sourceTree = "<group>";
		};
		55BDD496288085660004E8A0 /* SwiftUIHexagonalArchitecture */ = {
			isa = PBXGroup;
			children = (
				55BDD497288085660004E8A0 /* SwiftUIHexagonalArchitectureApp.swift */,
				55BDD4A6288087670004E8A0 /* Domain */,
				55BDD4A7288087780004E8A0 /* Data */,
				55BDD4A8288087930004E8A0 /* Application */,
				55BDD4A5288087570004E8A0 /* Presentation */,
				55BDD49B288085680004E8A0 /* Assets.xcassets */,
				55BDD49D288085680004E8A0 /* Preview Content */,
			);
			path = SwiftUIHexagonalArchitecture;
			sourceTree = "<group>";
		};
		55BDD49D288085680004E8A0 /* Preview Content */ = {
			isa = PBXGroup;
			children = (
				55BDD49E288085680004E8A0 /* Preview Assets.xcassets */,
			);
			path = "Preview Content";
			sourceTree = "<group>";
		};
		55BDD4A5288087570004E8A0 /* Presentation */ = {
			isa = PBXGroup;
			children = (
				55246A3B2881D4E900BDD29C /* Navigation */,
				55BDD4D7288092AB0004E8A0 /* Screens */,
				55BDD4D8288092B50004E8A0 /* Components */,
			);
			path = Presentation;
			sourceTree = "<group>";
		};
		55BDD4A6288087670004E8A0 /* Domain */ = {
			isa = PBXGroup;
			children = (
				55BDD4A92880882A0004E8A0 /* NetworkImage.swift */,
				55BDD4AB2880884E0004E8A0 /* User.swift */,
				55BDD4E12880A3060004E8A0 /* LoginDomainModel.swift */,
			);
			path = Domain;
			sourceTree = "<group>";
		};
		55BDD4A7288087780004E8A0 /* Data */ = {
			isa = PBXGroup;
			children = (
				55BDD4AD288088E90004E8A0 /* Network */,
				55BDD4AE288088FA0004E8A0 /* Mock */,
			);
			path = Data;
			sourceTree = "<group>";
		};
		55BDD4A8288087930004E8A0 /* Application */ = {
			isa = PBXGroup;
			children = (
				55BDD4AF288089460004E8A0 /* Data */,
				55BDD4B4288089F60004E8A0 /* Service */,
				55BDD4B928808B100004E8A0 /* ApplicationError.swift */,
				55BDD4D528808EB90004E8A0 /* Application.swift */,
			);
			path = Application;
			sourceTree = "<group>";
		};
		55BDD4AD288088E90004E8A0 /* Network */ = {
			isa = PBXGroup;
			children = (
				55BDD4C828808C1F0004E8A0 /* Model */,
				55BDD4C928808C5F0004E8A0 /* NetworkConfiguration.swift */,
				55BDD4D328808D8A0004E8A0 /* AuthNetworkRepository.swift */,
			);
			path = Network;
			sourceTree = "<group>";
		};
		55BDD4AE288088FA0004E8A0 /* Mock */ = {
			isa = PBXGroup;
			children = (
				55BDD4C628808BFF0004E8A0 /* AuthMockRepository.swift */,
			);
			path = Mock;
			sourceTree = "<group>";
		};
		55BDD4AF288089460004E8A0 /* Data */ = {
			isa = PBXGroup;
			children = (
				55BDD4B2288089D00004E8A0 /* IAuthRepository.swift */,
			);
			path = Data;
			sourceTree = "<group>";
		};
		55BDD4B4288089F60004E8A0 /* Service */ = {
			isa = PBXGroup;
			children = (
				55BDD4B728808A9D0004E8A0 /* LoginService.swift */,
			);
			path = Service;
			sourceTree = "<group>";
		};
		55BDD4C828808C1F0004E8A0 /* Model */ = {
			isa = PBXGroup;
			children = (
				55BDD4CB28808CAD0004E8A0 /* LoginNetworkModel.swift */,
				55BDD4CD28808CCB0004E8A0 /* UserNetworkModel.swift */,
				55BDD4CF28808CE90004E8A0 /* ImageNetworkModel.swift */,
			);
			path = Model;
			sourceTree = "<group>";
		};
		55BDD4D7288092AB0004E8A0 /* Screens */ = {
			isa = PBXGroup;
			children = (
				55BDD4DF288095A90004E8A0 /* LoginScreen.swift */,
				55246A402881DC3100BDD29C /* SingUpScreen.swift */,
				55CAADDC2885ABC800F0E563 /* HomeScreen.swift */,
			);
			path = Screens;
			sourceTree = "<group>";
		};
		55BDD4D8288092B50004E8A0 /* Components */ = {
			isa = PBXGroup;
			children = (
				55BDD4DB288093CD0004E8A0 /* CustomTextField.swift */,
				55BDD4DD2880940C0004E8A0 /* CustomButtonView.swift */,
			);
			path = Components;
			sourceTree = "<group>";
		};
/* End PBXGroup section */

/* Begin PBXNativeTarget section */
		55BDD493288085660004E8A0 /* SwiftUIHexagonalArchitecture */ = {
			isa = PBXNativeTarget;
			buildConfigurationList = 55BDD4A2288085680004E8A0 /* Build configuration list for PBXNativeTarget "SwiftUIHexagonalArchitecture" */;
			buildPhases = (
				55BDD490288085660004E8A0 /* Sources */,
				55BDD491288085660004E8A0 /* Frameworks */,
				55BDD492288085660004E8A0 /* Resources */,
			);
			buildRules = (
			);
			dependencies = (
			);
			name = SwiftUIHexagonalArchitecture;
			packageProductDependencies = (
				55BDD4BF28808B650004E8A0 /* Alamofire */,
				55BDD4C228808B7A0004E8A0 /* Swinject */,
			);
			productName = SwiftUIHexagonalArchitecture;
			productReference = 55BDD494288085660004E8A0 /* SwiftUIHexagonalArchitecture.app */;
			productType = "com.apple.product-type.application";
		};
/* End PBXNativeTarget section */

/* Begin PBXProject section */
		55BDD48C288085660004E8A0 /* Project object */ = {
			isa = PBXProject;
			attributes = {
				BuildIndependentTargetsInParallel = 1;
				LastSwiftUpdateCheck = 1340;
				LastUpgradeCheck = 1340;
				TargetAttributes = {
					55BDD493288085660004E8A0 = {
						CreatedOnToolsVersion = 13.4.1;
					};
				};
			};
			buildConfigurationList = 55BDD48F288085660004E8A0 /* Build configuration list for PBXProject "SwiftUIHexagonalArchitecture" */;
			compatibilityVersion = "Xcode 13.0";
			developmentRegion = en;
			hasScannedForEncodings = 0;
			knownRegions = (
				en,
				Base,
			);
			mainGroup = 55BDD48B288085660004E8A0;
			packageReferences = (
				55BDD4BE28808B650004E8A0 /* XCRemoteSwiftPackageReference "Alamofire" */,
				55BDD4C128808B7A0004E8A0 /* XCRemoteSwiftPackageReference "Swinject" */,
			);
			productRefGroup = 55BDD495288085660004E8A0 /* Products */;
			projectDirPath = "";
			projectRoot = "";
			targets = (
				55BDD493288085660004E8A0 /* SwiftUIHexagonalArchitecture */,
			);
		};
/* End PBXProject section */

/* Begin PBXResourcesBuildPhase section */
		55BDD492288085660004E8A0 /* Resources */ = {
			isa = PBXResourcesBuildPhase;
			buildActionMask = 2147483647;
			files = (
				55BDD49F288085680004E8A0 /* Preview Assets.xcassets in Resources */,
				55BDD49C288085680004E8A0 /* Assets.xcassets in Resources */,
			);
			runOnlyForDeploymentPostprocessing = 0;
		};
/* End PBXResourcesBuildPhase section */

/* Begin PBXSourcesBuildPhase section */
		55BDD490288085660004E8A0 /* Sources */ = {
			isa = PBXSourcesBuildPhase;
			buildActionMask = 2147483647;
			files = (
				55BDD4D628808EB90004E8A0 /* Application.swift in Sources */,
				55BDD4E22880A3060004E8A0 /* LoginDomainModel.swift in Sources */,
				55CAADDD2885ABC800F0E563 /* HomeScreen.swift in Sources */,
				55BDD4AC2880884E0004E8A0 /* User.swift in Sources */,
				55BDD4DC288093CD0004E8A0 /* CustomTextField.swift in Sources */,
				55BDD4CC28808CAD0004E8A0 /* LoginNetworkModel.swift in Sources */,
				55BDD4B3288089D00004E8A0 /* IAuthRepository.swift in Sources */,
				55BDD4AA2880882A0004E8A0 /* NetworkImage.swift in Sources */,
				55BDD4D028808CE90004E8A0 /* ImageNetworkModel.swift in Sources */,
				55BDD4E0288095A90004E8A0 /* LoginScreen.swift in Sources */,
				55BDD498288085660004E8A0 /* SwiftUIHexagonalArchitectureApp.swift in Sources */,
				55BDD4C728808BFF0004E8A0 /* AuthMockRepository.swift in Sources */,
				55246A3D2881D88F00BDD29C /* LoginRoute.swift in Sources */,
				55BDD4B828808A9D0004E8A0 /* LoginService.swift in Sources */,
				55246A412881DC3100BDD29C /* SingUpScreen.swift in Sources */,
				55BDD4BA28808B100004E8A0 /* ApplicationError.swift in Sources */,
				55BDD4DE2880940C0004E8A0 /* CustomButtonView.swift in Sources */,
				55BDD4CA28808C5F0004E8A0 /* NetworkConfiguration.swift in Sources */,
				55BDD4CE28808CCB0004E8A0 /* UserNetworkModel.swift in Sources */,
				55BDD4D428808D8A0004E8A0 /* AuthNetworkRepository.swift in Sources */,
			);
			runOnlyForDeploymentPostprocessing = 0;
		};
/* End PBXSourcesBuildPhase section */

/* Begin XCBuildConfiguration section */
		55BDD4A0288085680004E8A0 /* Debug */ = {
			isa = XCBuildConfiguration;
			buildSettings = {
				ALWAYS_SEARCH_USER_PATHS = NO;
				CLANG_ANALYZER_NONNULL = YES;
				CLANG_ANALYZER_NUMBER_OBJECT_CONVERSION = YES_AGGRESSIVE;
				CLANG_CXX_LANGUAGE_STANDARD = "gnu++17";
				CLANG_ENABLE_MODULES = YES;
				CLANG_ENABLE_OBJC_ARC = YES;
				CLANG_ENABLE_OBJC_WEAK = YES;
				CLANG_WARN_BLOCK_CAPTURE_AUTORELEASING = YES;
				CLANG_WARN_BOOL_CONVERSION = YES;
				CLANG_WARN_COMMA = YES;
				CLANG_WARN_CONSTANT_CONVERSION = YES;
				CLANG_WARN_DEPRECATED_OBJC_IMPLEMENTATIONS = YES;
				CLANG_WARN_DIRECT_OBJC_ISA_USAGE = YES_ERROR;
				CLANG_WARN_DOCUMENTATION_COMMENTS = YES;
				CLANG_WARN_EMPTY_BODY = YES;
				CLANG_WARN_ENUM_CONVERSION = YES;
				CLANG_WARN_INFINITE_RECURSION = YES;
				CLANG_WARN_INT_CONVERSION = YES;
				CLANG_WARN_NON_LITERAL_NULL_CONVERSION = YES;
				CLANG_WARN_OBJC_IMPLICIT_RETAIN_SELF = YES;
				CLANG_WARN_OBJC_LITERAL_CONVERSION = YES;
				CLANG_WARN_OBJC_ROOT_CLASS = YES_ERROR;
				CLANG_WARN_QUOTED_INCLUDE_IN_FRAMEWORK_HEADER = YES;
				CLANG_WARN_RANGE_LOOP_ANALYSIS = YES;
				CLANG_WARN_STRICT_PROTOTYPES = YES;
				CLANG_WARN_SUSPICIOUS_MOVE = YES;
				CLANG_WARN_UNGUARDED_AVAILABILITY = YES_AGGRESSIVE;
				CLANG_WARN_UNREACHABLE_CODE = YES;
				CLANG_WARN__DUPLICATE_METHOD_MATCH = YES;
				COPY_PHASE_STRIP = NO;
				DEBUG_INFORMATION_FORMAT = dwarf;
				ENABLE_STRICT_OBJC_MSGSEND = YES;
				ENABLE_TESTABILITY = YES;
				GCC_C_LANGUAGE_STANDARD = gnu11;
				GCC_DYNAMIC_NO_PIC = NO;
				GCC_NO_COMMON_BLOCKS = YES;
				GCC_OPTIMIZATION_LEVEL = 0;
				GCC_PREPROCESSOR_DEFINITIONS = (
					"DEBUG=1",
					"$(inherited)",
				);
				GCC_WARN_64_TO_32_BIT_CONVERSION = YES;
				GCC_WARN_ABOUT_RETURN_TYPE = YES_ERROR;
				GCC_WARN_UNDECLARED_SELECTOR = YES;
				GCC_WARN_UNINITIALIZED_AUTOS = YES_AGGRESSIVE;
				GCC_WARN_UNUSED_FUNCTION = YES;
				GCC_WARN_UNUSED_VARIABLE = YES;
				IPHONEOS_DEPLOYMENT_TARGET = 15.5;
				MTL_ENABLE_DEBUG_INFO = INCLUDE_SOURCE;
				MTL_FAST_MATH = YES;
				ONLY_ACTIVE_ARCH = YES;
				SDKROOT = iphoneos;
				SWIFT_ACTIVE_COMPILATION_CONDITIONS = DEBUG;
				SWIFT_OPTIMIZATION_LEVEL = "-Onone";
			};
			name = Debug;
		};
		55BDD4A1288085680004E8A0 /* Release */ = {
			isa = XCBuildConfiguration;
			buildSettings = {
				ALWAYS_SEARCH_USER_PATHS = NO;
				CLANG_ANALYZER_NONNULL = YES;
				CLANG_ANALYZER_NUMBER_OBJECT_CONVERSION = YES_AGGRESSIVE;
				CLANG_CXX_LANGUAGE_STANDARD = "gnu++17";
				CLANG_ENABLE_MODULES = YES;
				CLANG_ENABLE_OBJC_ARC = YES;
				CLANG_ENABLE_OBJC_WEAK = YES;
				CLANG_WARN_BLOCK_CAPTURE_AUTORELEASING = YES;
				CLANG_WARN_BOOL_CONVERSION = YES;
				CLANG_WARN_COMMA = YES;
				CLANG_WARN_CONSTANT_CONVERSION = YES;
				CLANG_WARN_DEPRECATED_OBJC_IMPLEMENTATIONS = YES;
				CLANG_WARN_DIRECT_OBJC_ISA_USAGE = YES_ERROR;
				CLANG_WARN_DOCUMENTATION_COMMENTS = YES;
				CLANG_WARN_EMPTY_BODY = YES;
				CLANG_WARN_ENUM_CONVERSION = YES;
				CLANG_WARN_INFINITE_RECURSION = YES;
				CLANG_WARN_INT_CONVERSION = YES;
				CLANG_WARN_NON_LITERAL_NULL_CONVERSION = YES;
				CLANG_WARN_OBJC_IMPLICIT_RETAIN_SELF = YES;
				CLANG_WARN_OBJC_LITERAL_CONVERSION = YES;
				CLANG_WARN_OBJC_ROOT_CLASS = YES_ERROR;
				CLANG_WARN_QUOTED_INCLUDE_IN_FRAMEWORK_HEADER = YES;
				CLANG_WARN_RANGE_LOOP_ANALYSIS = YES;
				CLANG_WARN_STRICT_PROTOTYPES = YES;
				CLANG_WARN_SUSPICIOUS_MOVE = YES;
				CLANG_WARN_UNGUARDED_AVAILABILITY = YES_AGGRESSIVE;
				CLANG_WARN_UNREACHABLE_CODE = YES;
				CLANG_WARN__DUPLICATE_METHOD_MATCH = YES;
				COPY_PHASE_STRIP = NO;
				DEBUG_INFORMATION_FORMAT = "dwarf-with-dsym";
				ENABLE_NS_ASSERTIONS = NO;
				ENABLE_STRICT_OBJC_MSGSEND = YES;
				GCC_C_LANGUAGE_STANDARD = gnu11;
				GCC_NO_COMMON_BLOCKS = YES;
				GCC_WARN_64_TO_32_BIT_CONVERSION = YES;
				GCC_WARN_ABOUT_RETURN_TYPE = YES_ERROR;
				GCC_WARN_UNDECLARED_SELECTOR = YES;
				GCC_WARN_UNINITIALIZED_AUTOS = YES_AGGRESSIVE;
				GCC_WARN_UNUSED_FUNCTION = YES;
				GCC_WARN_UNUSED_VARIABLE = YES;
				IPHONEOS_DEPLOYMENT_TARGET = 15.5;
				MTL_ENABLE_DEBUG_INFO = NO;
				MTL_FAST_MATH = YES;
				SDKROOT = iphoneos;
				SWIFT_COMPILATION_MODE = wholemodule;
				SWIFT_OPTIMIZATION_LEVEL = "-O";
				VALIDATE_PRODUCT = YES;
			};
			name = Release;
		};
		55BDD4A3288085680004E8A0 /* Debug */ = {
			isa = XCBuildConfiguration;
			buildSettings = {
				ASSETCATALOG_COMPILER_APPICON_NAME = AppIcon;
				ASSETCATALOG_COMPILER_GLOBAL_ACCENT_COLOR_NAME = AccentColor;
				CODE_SIGN_STYLE = Automatic;
				CURRENT_PROJECT_VERSION = 1;
				DEVELOPMENT_ASSET_PATHS = "\"SwiftUIHexagonalArchitecture/Preview Content\"";
				ENABLE_PREVIEWS = YES;
				GENERATE_INFOPLIST_FILE = YES;
				INFOPLIST_KEY_UIApplicationSceneManifest_Generation = YES;
				INFOPLIST_KEY_UIApplicationSupportsIndirectInputEvents = YES;
				INFOPLIST_KEY_UILaunchScreen_Generation = YES;
				INFOPLIST_KEY_UISupportedInterfaceOrientations = "";
				INFOPLIST_KEY_UISupportedInterfaceOrientations_iPad = "UIInterfaceOrientationPortrait UIInterfaceOrientationPortraitUpsideDown UIInterfaceOrientationLandscapeLeft UIInterfaceOrientationLandscapeRight";
				INFOPLIST_KEY_UISupportedInterfaceOrientations_iPhone = "UIInterfaceOrientationPortrait UIInterfaceOrientationLandscapeLeft UIInterfaceOrientationLandscapeRight";
				LD_RUNPATH_SEARCH_PATHS = (
					"$(inherited)",
					"@executable_path/Frameworks",
				);
				MARKETING_VERSION = 1.0;
				PRODUCT_BUNDLE_IDENTIFIER = com.redbee.SwiftUIHexagonalArchitecture;
				PRODUCT_NAME = "$(TARGET_NAME)";
				SWIFT_EMIT_LOC_STRINGS = YES;
				SWIFT_VERSION = 5.0;
				TARGETED_DEVICE_FAMILY = 1;
			};
			name = Debug;
		};
		55BDD4A4288085680004E8A0 /* Release */ = {
			isa = XCBuildConfiguration;
			buildSettings = {
				ASSETCATALOG_COMPILER_APPICON_NAME = AppIcon;
				ASSETCATALOG_COMPILER_GLOBAL_ACCENT_COLOR_NAME = AccentColor;
				CODE_SIGN_STYLE = Automatic;
				CURRENT_PROJECT_VERSION = 1;
				DEVELOPMENT_ASSET_PATHS = "\"SwiftUIHexagonalArchitecture/Preview Content\"";
				ENABLE_PREVIEWS = YES;
				GENERATE_INFOPLIST_FILE = YES;
				INFOPLIST_KEY_UIApplicationSceneManifest_Generation = YES;
				INFOPLIST_KEY_UIApplicationSupportsIndirectInputEvents = YES;
				INFOPLIST_KEY_UILaunchScreen_Generation = YES;
				INFOPLIST_KEY_UISupportedInterfaceOrientations = "";
				INFOPLIST_KEY_UISupportedInterfaceOrientations_iPad = "UIInterfaceOrientationPortrait UIInterfaceOrientationPortraitUpsideDown UIInterfaceOrientationLandscapeLeft UIInterfaceOrientationLandscapeRight";
				INFOPLIST_KEY_UISupportedInterfaceOrientations_iPhone = "UIInterfaceOrientationPortrait UIInterfaceOrientationLandscapeLeft UIInterfaceOrientationLandscapeRight";
				LD_RUNPATH_SEARCH_PATHS = (
					"$(inherited)",
					"@executable_path/Frameworks",
				);
				MARKETING_VERSION = 1.0;
				PRODUCT_BUNDLE_IDENTIFIER = com.redbee.SwiftUIHexagonalArchitecture;
				PRODUCT_NAME = "$(TARGET_NAME)";
				SWIFT_EMIT_LOC_STRINGS = YES;
				SWIFT_VERSION = 5.0;
				TARGETED_DEVICE_FAMILY = 1;
			};
			name = Release;
		};
/* End XCBuildConfiguration section */

/* Begin XCConfigurationList section */
		55BDD48F288085660004E8A0 /* Build configuration list for PBXProject "SwiftUIHexagonalArchitecture" */ = {
			isa = XCConfigurationList;
			buildConfigurations = (
				55BDD4A0288085680004E8A0 /* Debug */,
				55BDD4A1288085680004E8A0 /* Release */,
			);
			defaultConfigurationIsVisible = 0;
			defaultConfigurationName = Release;
		};
		55BDD4A2288085680004E8A0 /* Build configuration list for PBXNativeTarget "SwiftUIHexagonalArchitecture" */ = {
			isa = XCConfigurationList;
			buildConfigurations = (
				55BDD4A3288085680004E8A0 /* Debug */,
				55BDD4A4288085680004E8A0 /* Release */,
			);
			defaultConfigurationIsVisible = 0;
			defaultConfigurationName = Release;
		};
/* End XCConfigurationList section */

/* Begin XCRemoteSwiftPackageReference section */
		55BDD4BE28808B650004E8A0 /* XCRemoteSwiftPackageReference "Alamofire" */ = {
			isa = XCRemoteSwiftPackageReference;
			repositoryURL = "https://github.com/Alamofire/Alamofire.git";
			requirement = {
				kind = upToNextMajorVersion;
				minimumVersion = 5.0.0;
			};
		};
		55BDD4C128808B7A0004E8A0 /* XCRemoteSwiftPackageReference "Swinject" */ = {
			isa = XCRemoteSwiftPackageReference;
			repositoryURL = "https://github.com/Swinject/Swinject.git";
			requirement = {
				kind = upToNextMajorVersion;
				minimumVersion = 2.0.0;
			};
		};
/* End XCRemoteSwiftPackageReference section */

/* Begin XCSwiftPackageProductDependency section */
		55BDD4BF28808B650004E8A0 /* Alamofire */ = {
			isa = XCSwiftPackageProductDependency;
			package = 55BDD4BE28808B650004E8A0 /* XCRemoteSwiftPackageReference "Alamofire" */;
			productName = Alamofire;
		};
		55BDD4C228808B7A0004E8A0 /* Swinject */ = {
			isa = XCSwiftPackageProductDependency;
			package = 55BDD4C128808B7A0004E8A0 /* XCRemoteSwiftPackageReference "Swinject" */;
			productName = Swinject;
		};
/* End XCSwiftPackageProductDependency section */
	};
	rootObject = 55BDD48C288085660004E8A0 /* Project object */;
}
